// !$*UTF8*$!
{
	archiveVersion = 1;
	classes = {
	};
	objectVersion = 48;
	objects = {

/* Begin PBXBuildFile section */
		352432E2201187F40008AF0A /* AppDelegate.swift in Sources */ = {isa = PBXBuildFile; fileRef = 352432E1201187F40008AF0A /* AppDelegate.swift */; };
		352432E4201187F40008AF0A /* ColoringViewController.swift in Sources */ = {isa = PBXBuildFile; fileRef = 352432E3201187F40008AF0A /* ColoringViewController.swift */; };
		352432E7201187F40008AF0A /* Main.storyboard in Resources */ = {isa = PBXBuildFile; fileRef = 352432E5201187F40008AF0A /* Main.storyboard */; };
		352432E9201187F40008AF0A /* Assets.xcassets in Resources */ = {isa = PBXBuildFile; fileRef = 352432E8201187F40008AF0A /* Assets.xcassets */; };
		352432EC201187F40008AF0A /* LaunchScreen.storyboard in Resources */ = {isa = PBXBuildFile; fileRef = 352432EA201187F40008AF0A /* LaunchScreen.storyboard */; };
		352432F420118EFB0008AF0A /* ColoringView.swift in Sources */ = {isa = PBXBuildFile; fileRef = 352432F320118EFB0008AF0A /* ColoringView.swift */; };
/* End PBXBuildFile section */

/* Begin PBXFileReference section */
		352432DE201187F40008AF0A /* DPColoringBook.app */ = {isa = PBXFileReference; explicitFileType = wrapper.application; includeInIndex = 0; path = DPColoringBook.app; sourceTree = BUILT_PRODUCTS_DIR; };
		352432E1201187F40008AF0A /* AppDelegate.swift */ = {isa = PBXFileReference; lastKnownFileType = sourcecode.swift; path = AppDelegate.swift; sourceTree = "<group>"; };
		352432E3201187F40008AF0A /* ColoringViewController.swift */ = {isa = PBXFileReference; lastKnownFileType = sourcecode.swift; path = ColoringViewController.swift; sourceTree = "<group>"; };
		352432E6201187F40008AF0A /* Base */ = {isa = PBXFileReference; lastKnownFileType = file.storyboard; name = Base; path = Base.lproj/Main.storyboard; sourceTree = "<group>"; };
		352432E8201187F40008AF0A /* Assets.xcassets */ = {isa = PBXFileReference; lastKnownFileType = folder.assetcatalog; path = Assets.xcassets; sourceTree = "<group>"; };
		352432EB201187F40008AF0A /* Base */ = {isa = PBXFileReference; lastKnownFileType = file.storyboard; name = Base; path = Base.lproj/LaunchScreen.storyboard; sourceTree = "<group>"; };
		352432ED201187F40008AF0A /* Info.plist */ = {isa = PBXFileReference; lastKnownFileType = text.plist.xml; path = Info.plist; sourceTree = "<group>"; };
		352432F320118EFB0008AF0A /* ColoringView.swift */ = {isa = PBXFileReference; lastKnownFileType = sourcecode.swift; path = ColoringView.swift; sourceTree = "<group>"; };
/* End PBXFileReference section */

/* Begin PBXFrameworksBuildPhase section */
		352432DB201187F40008AF0A /* Frameworks */ = {
			isa = PBXFrameworksBuildPhase;
			buildActionMask = 2147483647;
			files = (
			);
			runOnlyForDeploymentPostprocessing = 0;
		};
/* End PBXFrameworksBuildPhase section */

/* Begin PBXGroup section */
		352432D5201187F40008AF0A = {
			isa = PBXGroup;
			children = (
				352432E0201187F40008AF0A /* DPColoringBook */,
				352432DF201187F40008AF0A /* Products */,
			);
			sourceTree = "<group>";
		};
		352432DF201187F40008AF0A /* Products */ = {
			isa = PBXGroup;
			children = (
				352432DE201187F40008AF0A /* DPColoringBook.app */,
			);
			name = Products;
			sourceTree = "<group>";
		};
		352432E0201187F40008AF0A /* DPColoringBook */ = {
			isa = PBXGroup;
			children = (
				352432E1201187F40008AF0A /* AppDelegate.swift */,
				352432E3201187F40008AF0A /* ColoringViewController.swift */,
				352432F320118EFB0008AF0A /* ColoringView.swift */,
				352432E5201187F40008AF0A /* Main.storyboard */,
				352432E8201187F40008AF0A /* Assets.xcassets */,
				352432EA201187F40008AF0A /* LaunchScreen.storyboard */,
				352432ED201187F40008AF0A /* Info.plist */,
			);
			path = DPColoringBook;
			sourceTree = "<group>";
		};
/* End PBXGroup section */

/* Begin PBXNativeTarget section */
		352432DD201187F40008AF0A /* DPColoringBook */ = {
			isa = PBXNativeTarget;
			buildConfigurationList = 352432F0201187F40008AF0A /* Build configuration list for PBXNativeTarget "DPColoringBook" */;
			buildPhases = (
				352432DA201187F40008AF0A /* Sources */,
				352432DB201187F40008AF0A /* Frameworks */,
				352432DC201187F40008AF0A /* Resources */,
			);
			buildRules = (
			);
			dependencies = (
			);
			name = DPColoringBook;
			productName = DPColoringBook;
			productReference = 352432DE201187F40008AF0A /* DPColoringBook.app */;
			productType = "com.apple.product-type.application";
		};
/* End PBXNativeTarget section */

/* Begin PBXProject section */
		352432D6201187F40008AF0A /* Project object */ = {
			isa = PBXProject;
			attributes = {
				LastSwiftUpdateCheck = 0920;
				LastUpgradeCheck = 0920;
				ORGANIZATIONNAME = DPRuin;
				TargetAttributes = {
					352432DD201187F40008AF0A = {
						CreatedOnToolsVersion = 9.2;
						ProvisioningStyle = Automatic;
					};
				};
			};
			buildConfigurationList = 352432D9201187F40008AF0A /* Build configuration list for PBXProject "DPColoringBook" */;
			compatibilityVersion = "Xcode 8.0";
			developmentRegion = en;
			hasScannedForEncodings = 0;
			knownRegions = (
				en,
				Base,
			);
			mainGroup = 352432D5201187F40008AF0A;
			productRefGroup = 352432DF201187F40008AF0A /* Products */;
			projectDirPath = "";
			projectRoot = "";
			targets = (
				352432DD201187F40008AF0A /* DPColoringBook */,
			);
		};
/* End PBXProject section */

/* Begin PBXResourcesBuildPhase section */
		352432DC201187F40008AF0A /* Resources */ = {
			isa = PBXResourcesBuildPhase;
			buildActionMask = 2147483647;
			files = (
				352432EC201187F40008AF0A /* LaunchScreen.storyboard in Resources */,
				352432E9201187F40008AF0A /* Assets.xcassets in Resources */,
				352432E7201187F40008AF0A /* Main.storyboard in Resources */,
			);
			runOnlyForDeploymentPostprocessing = 0;
		};
/* End PBXResourcesBuildPhase section */

/* Begin PBXSourcesBuildPhase section */
		352432DA201187F40008AF0A /* Sources */ = {
			isa = PBXSourcesBuildPhase;
			buildActionMask = 2147483647;
			files = (
				352432F420118EFB0008AF0A /* ColoringView.swift in Sources */,
				352432E4201187F40008AF0A /* ColoringViewController.swift in Sources */,
				352432E2201187F40008AF0A /* AppDelegate.swift in Sources */,
			);
			runOnlyForDeploymentPostprocessing = 0;
		};
/* End PBXSourcesBuildPhase section */

/* Begin PBXVariantGroup section */
		352432E5201187F40008AF0A /* Main.storyboard */ = {
			isa = PBXVariantGroup;
			children = (
				352432E6201187F40008AF0A /* Base */,
			);
			name = Main.storyboard;
			sourceTree = "<group>";
		};
		352432EA201187F40008AF0A /* LaunchScreen.storyboard */ = {
			isa = PBXVariantGroup;
			children = (
				352432EB201187F40008AF0A /* Base */,
			);
			name = LaunchScreen.storyboard;
			sourceTree = "<group>";
		};
/* End PBXVariantGroup section */

/* Begin XCBuildConfiguration section */
		352432EE201187F40008AF0A /* Debug */ = {
			isa = XCBuildConfiguration;
			buildSettings = {
				ALWAYS_SEARCH_USER_PATHS = NO;
				CLANG_ANALYZER_NONNULL = YES;
				CLANG_ANALYZER_NUMBER_OBJECT_CONVERSION = YES_AGGRESSIVE;
				CLANG_CXX_LANGUAGE_STANDARD = "gnu++14";
				CLANG_CXX_LIBRARY = "libc++";
				CLANG_ENABLE_MODULES = YES;
				CLANG_ENABLE_OBJC_ARC = YES;
				CLANG_WARN_BLOCK_CAPTURE_AUTORELEASING = YES;
				CLANG_WARN_BOOL_CONVERSION = YES;
				CLANG_WARN_COMMA = YES;
				CLANG_WARN_CONSTANT_CONVERSION = YES;
				CLANG_WARN_DIRECT_OBJC_ISA_USAGE = YES_ERROR;
				CLANG_WARN_DOCUMENTATION_COMMENTS = YES;
				CLANG_WARN_EMPTY_BODY = YES;
				CLANG_WARN_ENUM_CONVERSION = YES;
				CLANG_WARN_INFINITE_RECURSION = YES;
				CLANG_WARN_INT_CONVERSION = YES;
				CLANG_WARN_NON_LITERAL_NULL_CONVERSION = YES;
				CLANG_WARN_OBJC_LITERAL_CONVERSION = YES;
				CLANG_WARN_OBJC_ROOT_CLASS = YES_ERROR;
				CLANG_WARN_RANGE_LOOP_ANALYSIS = YES;
				CLANG_WARN_STRICT_PROTOTYPES = YES;
				CLANG_WARN_SUSPICIOUS_MOVE = YES;
				CLANG_WARN_UNGUARDED_AVAILABILITY = YES_AGGRESSIVE;
				CLANG_WARN_UNREACHABLE_CODE = YES;
				CLANG_WARN__DUPLICATE_METHOD_MATCH = YES;
				CODE_SIGN_IDENTITY = "iPhone Developer";
				COPY_PHASE_STRIP = NO;
				DEBUG_INFORMATION_FORMAT = dwarf;
				ENABLE_STRICT_OBJC_MSGSEND = YES;
				ENABLE_TESTABILITY = YES;
				GCC_C_LANGUAGE_STANDARD = gnu11;
				GCC_DYNAMIC_NO_PIC = NO;
				GCC_NO_COMMON_BLOCKS = YES;
				GCC_OPTIMIZATION_LEVEL = 0;
				GCC_PREPROCESSOR_DEFINITIONS = (
					"DEBUG=1",
					"$(inherited)",
				);
				GCC_WARN_64_TO_32_BIT_CONVERSION = YES;
				GCC_WARN_ABOUT_RETURN_TYPE = YES_ERROR;
				GCC_WARN_UNDECLARED_SELECTOR = YES;
				GCC_WARN_UNINITIALIZED_AUTOS = YES_AGGRESSIVE;
				GCC_WARN_UNUSED_FUNCTION = YES;
				GCC_WARN_UNUSED_VARIABLE = YES;
				IPHONEOS_DEPLOYMENT_TARGET = 11.2;
				MTL_ENABLE_DEBUG_INFO = YES;
				ONLY_ACTIVE_ARCH = YES;
				SDKROOT = iphoneos;
				SWIFT_ACTIVE_COMPILATION_CONDITIONS = DEBUG;
				SWIFT_OPTIMIZATION_LEVEL = "-Onone";
			};
			name = Debug;
		};
		352432EF201187F40008AF0A /* Release */ = {
			isa = XCBuildConfiguration;
			buildSettings = {
				ALWAYS_SEARCH_USER_PATHS = NO;
				CLANG_ANALYZER_NONNULL = YES;
				CLANG_ANALYZER_NUMBER_OBJECT_CONVERSION = YES_AGGRESSIVE;
				CLANG_CXX_LANGUAGE_STANDARD = "gnu++14";
				CLANG_CXX_LIBRARY = "libc++";
				CLANG_ENABLE_MODULES = YES;
				CLANG_ENABLE_OBJC_ARC = YES;
				CLANG_WARN_BLOCK_CAPTURE_AUTORELEASING = YES;
				CLANG_WARN_BOOL_CONVERSION = YES;
				CLANG_WARN_COMMA = YES;
				CLANG_WARN_CONSTANT_CONVERSION = YES;
				CLANG_WARN_DIRECT_OBJC_ISA_USAGE = YES_ERROR;
				CLANG_WARN_DOCUMENTATION_COMMENTS = YES;
				CLANG_WARN_EMPTY_BODY = YES;
				CLANG_WARN_ENUM_CONVERSION = YES;
				CLANG_WARN_INFINITE_RECURSION = YES;
				CLANG_WARN_INT_CONVERSION = YES;
				CLANG_WARN_NON_LITERAL_NULL_CONVERSION = YES;
				CLANG_WARN_OBJC_LITERAL_CONVERSION = YES;
				CLANG_WARN_OBJC_ROOT_CLASS = YES_ERROR;
				CLANG_WARN_RANGE_LOOP_ANALYSIS = YES;
				CLANG_WARN_STRICT_PROTOTYPES = YES;
				CLANG_WARN_SUSPICIOUS_MOVE = YES;
				CLANG_WARN_UNGUARDED_AVAILABILITY = YES_AGGRESSIVE;
				CLANG_WARN_UNREACHABLE_CODE = YES;
				CLANG_WARN__DUPLICATE_METHOD_MATCH = YES;
				CODE_SIGN_IDENTITY = "iPhone Developer";
				COPY_PHASE_STRIP = NO;
				DEBUG_INFORMATION_FORMAT = "dwarf-with-dsym";
				ENABLE_NS_ASSERTIONS = NO;
				ENABLE_STRICT_OBJC_MSGSEND = YES;
				GCC_C_LANGUAGE_STANDARD = gnu11;
				GCC_NO_COMMON_BLOCKS = YES;
				GCC_WARN_64_TO_32_BIT_CONVERSION = YES;
				GCC_WARN_ABOUT_RETURN_TYPE = YES_ERROR;
				GCC_WARN_UNDECLARED_SELECTOR = YES;
				GCC_WARN_UNINITIALIZED_AUTOS = YES_AGGRESSIVE;
				GCC_WARN_UNUSED_FUNCTION = YES;
				GCC_WARN_UNUSED_VARIABLE = YES;
				IPHONEOS_DEPLOYMENT_TARGET = 11.2;
				MTL_ENABLE_DEBUG_INFO = NO;
				SDKROOT = iphoneos;
				SWIFT_OPTIMIZATION_LEVEL = "-Owholemodule";
				VALIDATE_PRODUCT = YES;
			};
			name = Release;
		};
		352432F1201187F40008AF0A /* Debug */ = {
			isa = XCBuildConfiguration;
			buildSettings = {
				ASSETCATALOG_COMPILER_APPICON_NAME = AppIcon;
				CODE_SIGN_STYLE = Automatic;
				DEVELOPMENT_TEAM = 3NV32R76SX;
				INFOPLIST_FILE = DPColoringBook/Info.plist;
				LD_RUNPATH_SEARCH_PATHS = "$(inherited) @executable_path/Frameworks";
				PRODUCT_BUNDLE_IDENTIFIER = com.dpruin.DPColoringBook;
				PRODUCT_NAME = "$(TARGET_NAME)";
				SWIFT_VERSION = 4.0;
				TARGETED_DEVICE_FAMILY = "1,2";
			};
			name = Debug;
		};
		352432F2201187F40008AF0A /* Release */ = {
			isa = XCBuildConfiguration;
			buildSettings = {
				ASSETCATALOG_COMPILER_APPICON_NAME = AppIcon;
				CODE_SIGN_STYLE = Automatic;
				DEVELOPMENT_TEAM = 3NV32R76SX;
				INFOPLIST_FILE = DPColoringBook/Info.plist;
				LD_RUNPATH_SEARCH_PATHS = "$(inherited) @executable_path/Frameworks";
				PRODUCT_BUNDLE_IDENTIFIER = com.dpruin.DPColoringBook;
				PRODUCT_NAME = "$(TARGET_NAME)";
				SWIFT_VERSION = 4.0;
				TARGETED_DEVICE_FAMILY = "1,2";
			};
			name = Release;
		};
/* End XCBuildConfiguration section */

/* Begin XCConfigurationList section */
		352432D9201187F40008AF0A /* Build configuration list for PBXProject "DPColoringBook" */ = {
			isa = XCConfigurationList;
			buildConfigurations = (
				352432EE201187F40008AF0A /* Debug */,
				352432EF201187F40008AF0A /* Release */,
			);
			defaultConfigurationIsVisible = 0;
			defaultConfigurationName = Release;
		};
		352432F0201187F40008AF0A /* Build configuration list for PBXNativeTarget "DPColoringBook" */ = {
			isa = XCConfigurationList;
			buildConfigurations = (
				352432F1201187F40008AF0A /* Debug */,
				352432F2201187F40008AF0A /* Release */,
			);
			defaultConfigurationIsVisible = 0;
			defaultConfigurationName = Release;
		};
/* End XCConfigurationList section */
	};
	rootObject = 352432D6201187F40008AF0A /* Project object */;
}
